{
  "version": 4,
  "terraform_version": "1.5.6",
  "serial": 39,
  "lineage": "19bbfb34-4aff-bdf4-6623-4222920ce85a",
  "outputs": {},
  "resources": [
    {
      "mode": "data",
      "type": "aws_iam_policy_document",
      "name": "custom-resources-lambda-policy-doc",
      "provider": "provider[\"registry.terraform.io/hashicorp/aws\"]",
      "instances": [
        {
          "schema_version": 0,
          "attributes": {
            "id": "1981197930",
            "json": "{\n  \"Version\": \"2012-10-17\",\n  \"Statement\": [\n    {\n      \"Sid\": \"\",\n      \"Effect\": \"Allow\",\n      \"Action\": [\n        \"s3:PutBucketNotification\",\n        \"s3:GetBucketNotification\"\n      ],\n      \"Resource\": \"arn:aws:s3:::064592191516-serverless-video-upload-python\"\n    },\n    {\n      \"Sid\": \"\",\n      \"Effect\": \"Allow\",\n      \"Action\": [\n        \"lambda:RemovePermission\",\n        \"lambda:AddPermission\"\n      ],\n      \"Resource\": \"arn:aws:lambda:us-east-1:064592191516:function/*\"\n    }\n  ]\n}",
            "override_json": null,
            "override_policy_documents": null,
            "policy_id": null,
            "source_json": null,
            "source_policy_documents": null,
            "statement": [
              {
                "actions": [
                  "s3:GetBucketNotification",
                  "s3:PutBucketNotification"
                ],
                "condition": [],
                "effect": "Allow",
                "not_actions": [],
                "not_principals": [],
                "not_resources": [],
                "principals": [],
                "resources": [
                  "arn:aws:s3:::064592191516-serverless-video-upload-python"
                ],
                "sid": ""
              },
              {
                "actions": [
                  "lambda:AddPermission",
                  "lambda:RemovePermission"
                ],
                "condition": [],
                "effect": "Allow",
                "not_actions": [],
                "not_principals": [],
                "not_resources": [],
                "principals": [],
                "resources": [
                  "arn:aws:lambda:us-east-1:064592191516:function/*"
                ],
                "sid": ""
              }
            ],
            "version": "2012-10-17"
          },
          "sensitive_attributes": []
        }
      ]
    },
    {
      "mode": "data",
      "type": "aws_iam_policy_document",
      "name": "custom-resources-lambda-role-assume-policy",
      "provider": "provider[\"registry.terraform.io/hashicorp/aws\"]",
      "instances": [
        {
          "schema_version": 0,
          "attributes": {
            "id": "3693445097",
            "json": "{\n  \"Version\": \"2012-10-17\",\n  \"Statement\": [\n    {\n      \"Sid\": \"\",\n      \"Effect\": \"Allow\",\n      \"Action\": \"sts:AssumeRole\",\n      \"Principal\": {\n        \"Service\": \"lambda.amazonaws.com\"\n      }\n    }\n  ]\n}",
            "override_json": null,
            "override_policy_documents": null,
            "policy_id": null,
            "source_json": null,
            "source_policy_documents": null,
            "statement": [
              {
                "actions": [
                  "sts:AssumeRole"
                ],
                "condition": [],
                "effect": "Allow",
                "not_actions": [],
                "not_principals": [],
                "not_resources": [],
                "principals": [
                  {
                    "identifiers": [
                      "lambda.amazonaws.com"
                    ],
                    "type": "Service"
                  }
                ],
                "resources": [],
                "sid": ""
              }
            ],
            "version": "2012-10-17"
          },
          "sensitive_attributes": []
        }
      ]
    },
    {
      "mode": "data",
      "type": "aws_iam_policy_document",
      "name": "lambda_cloudwatch_logs_policy_doc",
      "provider": "provider[\"registry.terraform.io/hashicorp/aws\"]",
      "instances": [
        {
          "schema_version": 0,
          "attributes": {
            "id": "2207172328",
            "json": "{\n  \"Version\": \"2012-10-17\",\n  \"Statement\": [\n    {\n      \"Sid\": \"\",\n      \"Effect\": \"Allow\",\n      \"Action\": [\n        \"logs:PutLogEvents\",\n        \"logs:CreateLogStream\",\n        \"logs:CreateLogGroup\"\n      ],\n      \"Resource\": \"arn:aws:logs:us-east-1:064592191516:log-group:/aws/lambda/your-lambda-function-name:*\"\n    }\n  ]\n}",
            "override_json": null,
            "override_policy_documents": null,
            "policy_id": null,
            "source_json": null,
            "source_policy_documents": null,
            "statement": [
              {
                "actions": [
                  "logs:CreateLogGroup",
                  "logs:CreateLogStream",
                  "logs:PutLogEvents"
                ],
                "condition": [],
                "effect": "Allow",
                "not_actions": [],
                "not_principals": [],
                "not_resources": [],
                "principals": [],
                "resources": [
                  "arn:aws:logs:us-east-1:064592191516:log-group:/aws/lambda/your-lambda-function-name:*"
                ],
                "sid": ""
              }
            ],
            "version": "2012-10-17"
          },
          "sensitive_attributes": []
        }
      ]
    },
    {
      "mode": "data",
      "type": "aws_iam_policy_document",
      "name": "media-convert-role-assume-policy",
      "provider": "provider[\"registry.terraform.io/hashicorp/aws\"]",
      "instances": [
        {
          "schema_version": 0,
          "attributes": {
            "id": "2186392320",
            "json": "{\n  \"Version\": \"2012-10-17\",\n  \"Statement\": [\n    {\n      \"Sid\": \"\",\n      \"Effect\": \"Allow\",\n      \"Action\": \"sts:AssumeRole\",\n      \"Principal\": {\n        \"Service\": \"mediaconvert.amazonaws.com\"\n      }\n    }\n  ]\n}",
            "override_json": null,
            "override_policy_documents": null,
            "policy_id": null,
            "source_json": null,
            "source_policy_documents": null,
            "statement": [
              {
                "actions": [
                  "sts:AssumeRole"
                ],
                "condition": [],
                "effect": "Allow",
                "not_actions": [],
                "not_principals": [],
                "not_resources": [],
                "principals": [
                  {
                    "identifiers": [
                      "mediaconvert.amazonaws.com"
                    ],
                    "type": "Service"
                  }
                ],
                "resources": [],
                "sid": ""
              }
            ],
            "version": "2012-10-17"
          },
          "sensitive_attributes": []
        }
      ]
    },
    {
      "mode": "managed",
      "type": "aws_iam_policy",
      "name": "custom-resources-lambda-policy",
      "provider": "provider[\"registry.terraform.io/hashicorp/aws\"]",
      "instances": [
        {
          "schema_version": 0,
          "attributes": {
            "arn": "arn:aws:iam::064592191516:policy/custom-resources-lambda-policy",
            "description": "Policy for Custom Resources Lambda",
            "id": "arn:aws:iam::064592191516:policy/custom-resources-lambda-policy",
            "name": "custom-resources-lambda-policy",
            "name_prefix": null,
            "path": "/",
            "policy": "{\"Statement\":[{\"Action\":[\"s3:PutBucketNotification\",\"s3:GetBucketNotification\"],\"Effect\":\"Allow\",\"Resource\":\"arn:aws:s3:::064592191516-serverless-video-upload-python\",\"Sid\":\"\"},{\"Action\":[\"lambda:RemovePermission\",\"lambda:AddPermission\"],\"Effect\":\"Allow\",\"Resource\":\"arn:aws:lambda:us-east-1:064592191516:function/*\",\"Sid\":\"\"}],\"Version\":\"2012-10-17\"}",
            "policy_id": "ANPAQ6CP6UAODVGPGF4Z3",
            "tags": null,
            "tags_all": {}
          },
          "sensitive_attributes": [],
          "private": "bnVsbA==",
          "dependencies": [
            "data.aws_iam_policy_document.custom-resources-lambda-policy-doc"
          ]
        }
      ]
    },
    {
      "mode": "managed",
      "type": "aws_iam_policy",
      "name": "lambda_cloudwatch_logs_policy",
      "provider": "provider[\"registry.terraform.io/hashicorp/aws\"]",
      "instances": [
        {
          "schema_version": 0,
          "attributes": {
            "arn": "arn:aws:iam::064592191516:policy/LambdaCloudWatchLogsPolicy",
            "description": "IAM policy to allow Lambda to write logs to CloudWatch Logs",
            "id": "arn:aws:iam::064592191516:policy/LambdaCloudWatchLogsPolicy",
            "name": "LambdaCloudWatchLogsPolicy",
            "name_prefix": null,
            "path": "/",
            "policy": "{\"Statement\":[{\"Action\":[\"logs:PutLogEvents\",\"logs:CreateLogStream\",\"logs:CreateLogGroup\"],\"Effect\":\"Allow\",\"Resource\":\"arn:aws:logs:us-east-1:064592191516:log-group:/aws/lambda/your-lambda-function-name:*\",\"Sid\":\"\"}],\"Version\":\"2012-10-17\"}",
            "policy_id": "ANPAQ6CP6UAOJKFMZPHTO",
            "tags": null,
            "tags_all": {}
          },
          "sensitive_attributes": [],
          "private": "bnVsbA==",
          "dependencies": [
            "data.aws_iam_policy_document.lambda_cloudwatch_logs_policy_doc"
          ]
        }
      ]
    },
    {
      "mode": "managed",
      "type": "aws_iam_role",
      "name": "custom-resources-lambda",
      "provider": "provider[\"registry.terraform.io/hashicorp/aws\"]",
      "instances": [
        {
          "schema_version": 0,
          "attributes": {
            "arn": "arn:aws:iam::064592191516:role/twentyfour-hour-video-python-IamRoleCustomResources",
            "assume_role_policy": "{\"Version\":\"2012-10-17\",\"Statement\":[{\"Sid\":\"\",\"Effect\":\"Allow\",\"Principal\":{\"Service\":\"lambda.amazonaws.com\"},\"Action\":\"sts:AssumeRole\"}]}",
            "create_date": "2023-09-02T20:26:28Z",
            "description": "Allows Lambda functions to call AWS video transcode services on your behalf.",
            "force_detach_policies": false,
            "id": "twentyfour-hour-video-python-IamRoleCustomResources",
            "inline_policy": [
              {
                "name": "",
                "policy": ""
              }
            ],
            "managed_policy_arns": [],
            "max_session_duration": 3600,
            "name": "twentyfour-hour-video-python-IamRoleCustomResources",
            "name_prefix": "",
            "path": "/",
            "permissions_boundary": null,
            "tags": {
              "STAGE": "dev"
            },
            "tags_all": {
              "STAGE": "dev"
            },
            "unique_id": "AROAQ6CP6UAOOHKSSQKTV"
          },
          "sensitive_attributes": [],
          "private": "bnVsbA==",
          "dependencies": [
            "data.aws_iam_policy_document.custom-resources-lambda-role-assume-policy"
          ]
        }
      ]
    },
    {
      "mode": "managed",
      "type": "aws_iam_role",
      "name": "media-convert-role",
      "provider": "provider[\"registry.terraform.io/hashicorp/aws\"]",
      "instances": [
        {
          "schema_version": 0,
          "attributes": {
            "arn": "arn:aws:iam::064592191516:role/media-convert-role",
            "assume_role_policy": "{\"Version\":\"2012-10-17\",\"Statement\":[{\"Sid\":\"\",\"Effect\":\"Allow\",\"Principal\":{\"Service\":\"mediaconvert.amazonaws.com\"},\"Action\":\"sts:AssumeRole\"}]}",
            "create_date": "2023-09-02T20:26:28Z",
            "description": "Allows MediaConvert service to call S3 APIs and API Gateway on your behalf.",
            "force_detach_policies": false,
            "id": "media-convert-role",
            "inline_policy": [
              {
                "name": "",
                "policy": ""
              }
            ],
            "managed_policy_arns": [
              "arn:aws:iam::aws:policy/AmazonAPIGatewayInvokeFullAccess",
              "arn:aws:iam::aws:policy/AmazonS3FullAccess"
            ],
            "max_session_duration": 3600,
            "name": "media-convert-role",
            "name_prefix": "",
            "path": "/",
            "permissions_boundary": null,
            "tags": {
              "app": "video-encoding-pipeline"
            },
            "tags_all": {
              "app": "video-encoding-pipeline"
            },
            "unique_id": "AROAQ6CP6UAOJ4CVTCAN2"
          },
          "sensitive_attributes": [],
          "private": "bnVsbA==",
          "dependencies": [
            "data.aws_iam_policy_document.media-convert-role-assume-policy"
          ]
        }
      ]
    },
    {
      "mode": "managed",
      "type": "aws_iam_role",
      "name": "transcode-video",
      "provider": "provider[\"registry.terraform.io/hashicorp/aws\"]",
      "instances": [
        {
          "schema_version": 0,
          "attributes": {
            "arn": "arn:aws:iam::064592191516:role/transcode-video",
            "assume_role_policy": "{\"Version\":\"2012-10-17\",\"Statement\":[{\"Sid\":\"\",\"Effect\":\"Allow\",\"Principal\":{\"Service\":\"lambda.amazonaws.com\"},\"Action\":\"sts:AssumeRole\"}]}",
            "create_date": "2023-09-02T20:26:28Z",
            "description": "Allows Lambda functions to call AWS video transcode services on your behalf.",
            "force_detach_policies": false,
            "id": "transcode-video",
            "inline_policy": [
              {
                "name": "",
                "policy": ""
              }
            ],
            "managed_policy_arns": [
              "arn:aws:iam::aws:policy/AWSElementalMediaConvertFullAccess",
              "arn:aws:iam::aws:policy/AWSLambdaExecute"
            ],
            "max_session_duration": 3600,
            "name": "transcode-video",
            "name_prefix": "",
            "path": "/",
            "permissions_boundary": null,
            "tags": {
              "app": "video-encoding-pipeline"
            },
            "tags_all": {
              "app": "video-encoding-pipeline"
            },
            "unique_id": "AROAQ6CP6UAOPYSAFWCDR"
          },
          "sensitive_attributes": [],
          "private": "bnVsbA==",
          "dependencies": [
            "data.aws_iam_policy_document.custom-resources-lambda-role-assume-policy"
          ]
        }
      ]
    },
    {
      "mode": "managed",
      "type": "aws_iam_role_policy_attachment",
      "name": "custom-resources-lambda-policy-attachment",
      "provider": "provider[\"registry.terraform.io/hashicorp/aws\"]",
      "instances": [
        {
          "schema_version": 0,
          "attributes": {
            "id": "twentyfour-hour-video-python-IamRoleCustomResources-20230902202630524600000001",
            "policy_arn": "arn:aws:iam::064592191516:policy/custom-resources-lambda-policy",
            "role": "twentyfour-hour-video-python-IamRoleCustomResources"
          },
          "sensitive_attributes": [],
          "private": "bnVsbA==",
          "dependencies": [
            "aws_iam_policy.custom-resources-lambda-policy",
            "aws_iam_role.custom-resources-lambda",
            "data.aws_iam_policy_document.custom-resources-lambda-policy-doc",
            "data.aws_iam_policy_document.custom-resources-lambda-role-assume-policy"
          ]
        }
      ]
    },
    {
      "mode": "managed",
      "type": "aws_iam_role_policy_attachment",
      "name": "lambda_cloudwatch_logs_attachment",
      "provider": "provider[\"registry.terraform.io/hashicorp/aws\"]",
      "instances": [
        {
          "schema_version": 0,
          "attributes": {
            "id": "transcode-video-20230902202636138500000005",
            "policy_arn": "arn:aws:iam::064592191516:policy/LambdaCloudWatchLogsPolicy",
            "role": "transcode-video"
          },
          "sensitive_attributes": [],
          "private": "bnVsbA==",
          "dependencies": [
            "aws_iam_policy.lambda_cloudwatch_logs_policy",
            "aws_iam_role.transcode-video",
            "data.aws_iam_policy_document.custom-resources-lambda-role-assume-policy",
            "data.aws_iam_policy_document.lambda_cloudwatch_logs_policy_doc"
          ]
        }
      ]
    },
    {
      "mode": "managed",
      "type": "aws_iam_role_policy_attachment",
      "name": "media-convert-role_AmazonS3FullAccess",
      "provider": "provider[\"registry.terraform.io/hashicorp/aws\"]",
      "instances": [
        {
          "schema_version": 0,
          "attributes": {
            "id": "media-convert-role-20230902202636127200000004",
            "policy_arn": "arn:aws:iam::aws:policy/AmazonS3FullAccess",
            "role": "media-convert-role"
          },
          "sensitive_attributes": [],
          "private": "bnVsbA==",
          "dependencies": [
            "aws_iam_role.media-convert-role",
            "data.aws_iam_policy_document.media-convert-role-assume-policy"
          ]
        }
      ]
    },
    {
      "mode": "managed",
      "type": "aws_iam_role_policy_attachment",
      "name": "transcode-video_AWSElementalMediaConvertFullAccess",
      "provider": "provider[\"registry.terraform.io/hashicorp/aws\"]",
      "instances": [
        {
          "schema_version": 0,
          "attributes": {
            "id": "transcode-video-20230902202636120800000002",
            "policy_arn": "arn:aws:iam::aws:policy/AWSElementalMediaConvertFullAccess",
            "role": "transcode-video"
          },
          "sensitive_attributes": [],
          "private": "bnVsbA==",
          "dependencies": [
            "aws_iam_role.transcode-video",
            "data.aws_iam_policy_document.custom-resources-lambda-role-assume-policy"
          ]
        }
      ]
    },
    {
      "mode": "managed",
      "type": "aws_iam_role_policy_attachment",
      "name": "transcode-video_AWSLambdaExecute",
      "provider": "provider[\"registry.terraform.io/hashicorp/aws\"]",
      "instances": [
        {
          "schema_version": 0,
          "attributes": {
            "id": "transcode-video-20230902202636123000000003",
            "policy_arn": "arn:aws:iam::aws:policy/AWSLambdaExecute",
            "role": "transcode-video"
          },
          "sensitive_attributes": [],
          "private": "bnVsbA==",
          "dependencies": [
            "aws_iam_role.transcode-video",
            "data.aws_iam_policy_document.custom-resources-lambda-role-assume-policy"
          ]
        }
      ]
    }
  ],
  "check_results": null
}
