{
  "version": 4,
  "terraform_version": "1.5.6",
  "serial": 4,
  "lineage": "ca28b9d8-570c-a967-6992-93c5ed113b80",
  "outputs": {},
  "resources": [
    {
      "mode": "managed",
      "type": "aws_lambda_function",
      "name": "twentyfour-hour-video-python-transcode-video",
      "provider": "provider[\"registry.terraform.io/hashicorp/aws\"]",
      "instances": [
        {
          "schema_version": 0,
          "attributes": {
            "architectures": [
              "x86_64"
            ],
            "arn": "arn:aws:lambda:us-east-1:064592191516:function:twentyfour-hour-video-python-transcode-video",
            "code_signing_config_arn": "",
            "dead_letter_config": [],
            "description": "",
            "environment": [
              {
                "variables": {
                  "MEDIA_ENDPOINT": "https://lxlxpswfb.mediaconvert.us-east-1.amazonaws.com",
                  "MEDIA_ROLE": "arn:aws:iam::064592191516:role/media-convert-role",
                  "TRANSCODED_VIDEO_BUCKET": "064592191516-serverless-video-transcode-python"
                }
              }
            ],
            "file_system_config": [],
            "filename": null,
            "function_name": "twentyfour-hour-video-python-transcode-video",
            "handler": "",
            "id": "twentyfour-hour-video-python-transcode-video",
            "image_config": [
              {
                "command": [
                  "transcode_video_python/__main__.lambda_handler"
                ],
                "entry_point": [],
                "working_directory": ""
              }
            ],
            "image_uri": "064592191516.dkr.ecr.us-east-1.amazonaws.com/transcode_video_python:latest",
            "invoke_arn": "arn:aws:apigateway:us-east-1:lambda:path/2015-03-31/functions/arn:aws:lambda:us-east-1:064592191516:function:twentyfour-hour-video-python-transcode-video/invocations",
            "kms_key_arn": "",
            "last_modified": "2023-09-02T20:29:03.356+0000",
            "layers": [],
            "memory_size": 1024,
            "package_type": "Image",
            "publish": false,
            "qualified_arn": "arn:aws:lambda:us-east-1:064592191516:function:twentyfour-hour-video-python-transcode-video:$LATEST",
            "reserved_concurrent_executions": -1,
            "role": "arn:aws:iam::064592191516:role/transcode-video",
            "runtime": "",
            "s3_bucket": null,
            "s3_key": null,
            "s3_object_version": null,
            "signing_job_arn": "",
            "signing_profile_version_arn": "",
            "source_code_hash": "34e2a1603ba3bceb7f0e51ccdef6d5a1c90c4d68af2bc3bf6af4491a13e8d688",
            "source_code_size": 0,
            "tags": {
              "STAGE": "dev"
            },
            "tags_all": {
              "STAGE": "dev"
            },
            "timeout": 6,
            "timeouts": null,
            "tracing_config": [
              {
                "mode": "PassThrough"
              }
            ],
            "version": "$LATEST",
            "vpc_config": []
          },
          "sensitive_attributes": [],
          "private": "eyJlMmJmYjczMC1lY2FhLTExZTYtOGY4OC0zNDM2M2JjN2M0YzAiOnsiY3JlYXRlIjo2MDAwMDAwMDAwMDB9fQ=="
        }
      ]
    }
  ],
  "check_results": null
}
